// !$*UTF8*$!
{
	archiveVersion = 1;
	classes = {
	};
	objectVersion = 55;
	objects = {

/* Begin PBXBuildFile section */
		A120E1AE290FC09600406412 /* SolanaBlockChainClient.swift in Sources */ = {isa = PBXBuildFile; fileRef = A120E1AD290FC09600406412 /* SolanaBlockChainClient.swift */; };
		A120E1B0290FC18600406412 /* PreparedTransaction.swift in Sources */ = {isa = PBXBuildFile; fileRef = A120E1AF290FC18600406412 /* PreparedTransaction.swift */; };
		A120E1B2290FC24400406412 /* Transaction.swift in Sources */ = {isa = PBXBuildFile; fileRef = A120E1B1290FC24400406412 /* Transaction.swift */; };
		A120E1B4290FC34000406412 /* TransactionInstruction.swift in Sources */ = {isa = PBXBuildFile; fileRef = A120E1B3290FC34000406412 /* TransactionInstruction.swift */; };
		A120E1B6290FD86F00406412 /* FeeAmount.swift in Sources */ = {isa = PBXBuildFile; fileRef = A120E1B5290FD86F00406412 /* FeeAmount.swift */; };
		A120E1B8290FD92E00406412 /* Message.swift in Sources */ = {isa = PBXBuildFile; fileRef = A120E1B7290FD92E00406412 /* Message.swift */; };
		A120E1BA290FD98400406412 /* Data + extension.swift in Sources */ = {isa = PBXBuildFile; fileRef = A120E1B9290FD98400406412 /* Data + extension.swift */; };
		A120E1BC290FDAD100406412 /* AccountMeta + extension.swift in Sources */ = {isa = PBXBuildFile; fileRef = A120E1BB290FDAD100406412 /* AccountMeta + extension.swift */; };
		A120E1BE290FDB8400406412 /* BytesEncodable.swift in Sources */ = {isa = PBXBuildFile; fileRef = A120E1BD290FDB8400406412 /* BytesEncodable.swift */; };
		A1886C312907E66F006825F0 /* AppDelegate.swift in Sources */ = {isa = PBXBuildFile; fileRef = A1886C302907E66F006825F0 /* AppDelegate.swift */; };
		A1886C3A2907E671006825F0 /* Assets.xcassets in Resources */ = {isa = PBXBuildFile; fileRef = A1886C392907E671006825F0 /* Assets.xcassets */; };
		A1886C3D2907E671006825F0 /* LaunchScreen.storyboard in Resources */ = {isa = PBXBuildFile; fileRef = A1886C3B2907E671006825F0 /* LaunchScreen.storyboard */; };
		A1886C482907E671006825F0 /* SolanaWalletTests.swift in Sources */ = {isa = PBXBuildFile; fileRef = A1886C472907E671006825F0 /* SolanaWalletTests.swift */; };
		A1886C522907E671006825F0 /* SolanaWalletUITests.swift in Sources */ = {isa = PBXBuildFile; fileRef = A1886C512907E671006825F0 /* SolanaWalletUITests.swift */; };
		A1886C542907E671006825F0 /* SolanaWalletUITestsLaunchTests.swift in Sources */ = {isa = PBXBuildFile; fileRef = A1886C532907E671006825F0 /* SolanaWalletUITestsLaunchTests.swift */; };
		A1886C6429084BCB006825F0 /* TweetNacl in Frameworks */ = {isa = PBXBuildFile; productRef = A1886C6329084BCB006825F0 /* TweetNacl */; };
		A1886C7929085780006825F0 /* ReceiveViewController.swift in Sources */ = {isa = PBXBuildFile; fileRef = A1886C7729085780006825F0 /* ReceiveViewController.swift */; };
		A1886C7A29085780006825F0 /* SendViewController.swift in Sources */ = {isa = PBXBuildFile; fileRef = A1886C7829085780006825F0 /* SendViewController.swift */; };
		A1886C83290857FF006825F0 /* PublicKey.swift in Sources */ = {isa = PBXBuildFile; fileRef = A1886C7B290857FF006825F0 /* PublicKey.swift */; };
		A1886C84290857FF006825F0 /* Mnemonic.swift in Sources */ = {isa = PBXBuildFile; fileRef = A1886C7C290857FF006825F0 /* Mnemonic.swift */; };
		A1886C85290857FF006825F0 /* NetworkModel.swift in Sources */ = {isa = PBXBuildFile; fileRef = A1886C7D290857FF006825F0 /* NetworkModel.swift */; };
		A1886C86290857FF006825F0 /* PBKDF2.swift in Sources */ = {isa = PBXBuildFile; fileRef = A1886C7E290857FF006825F0 /* PBKDF2.swift */; };
		A1886C88290857FF006825F0 /* SolanaAccount.swift in Sources */ = {isa = PBXBuildFile; fileRef = A1886C80290857FF006825F0 /* SolanaAccount.swift */; };
		A1886C89290857FF006825F0 /* Base58.swift in Sources */ = {isa = PBXBuildFile; fileRef = A1886C81290857FF006825F0 /* Base58.swift */; };
		A1886C8A290857FF006825F0 /* SolanaError.swift in Sources */ = {isa = PBXBuildFile; fileRef = A1886C82290857FF006825F0 /* SolanaError.swift */; };
		A1886C8E2909481B006825F0 /* DerivablePath.swift in Sources */ = {isa = PBXBuildFile; fileRef = A1886C8D2909481B006825F0 /* DerivablePath.swift */; };
		A1886C9029094B39006825F0 /* Ed25519HDKey.swift in Sources */ = {isa = PBXBuildFile; fileRef = A1886C8F29094B39006825F0 /* Ed25519HDKey.swift */; };
		A1886C9229094BC1006825F0 /* HMAC.swift in Sources */ = {isa = PBXBuildFile; fileRef = A1886C9129094BC1006825F0 /* HMAC.swift */; };
		A1886C9729094CE8006825F0 /* Data + CryptoSwift.swift in Sources */ = {isa = PBXBuildFile; fileRef = A1886C9629094CE8006825F0 /* Data + CryptoSwift.swift */; };
		A1886C9C29094D1B006825F0 /* String + CryptoSwift.swift in Sources */ = {isa = PBXBuildFile; fileRef = A1886C9B29094D1B006825F0 /* String + CryptoSwift.swift */; };
		A1886C9E29094DCC006825F0 /* Array + CryptoSwift.swift in Sources */ = {isa = PBXBuildFile; fileRef = A1886C9D29094DCC006825F0 /* Array + CryptoSwift.swift */; };
		A1886CA0290954AE006825F0 /* ReceiveViewModel.swift in Sources */ = {isa = PBXBuildFile; fileRef = A1886C9F290954AE006825F0 /* ReceiveViewModel.swift */; };
		A1886CA22909991F006825F0 /* SolanaError.swift in Sources */ = {isa = PBXBuildFile; fileRef = A1886CA12909991F006825F0 /* SolanaError.swift */; };
		A1886CA429099962006825F0 /* Base58.swift in Sources */ = {isa = PBXBuildFile; fileRef = A1886CA329099962006825F0 /* Base58.swift */; };
		A1886CA72909A22E006825F0 /* NetworkManager.swift in Sources */ = {isa = PBXBuildFile; fileRef = A1886CA62909A22E006825F0 /* NetworkManager.swift */; };
		A1886CA92909A2CF006825F0 /* URLConvertable.swift in Sources */ = {isa = PBXBuildFile; fileRef = A1886CA82909A2CF006825F0 /* URLConvertable.swift */; };
		A1886CAB2909A303006825F0 /* SolanaApiRequest.swift in Sources */ = {isa = PBXBuildFile; fileRef = A1886CAA2909A303006825F0 /* SolanaApiRequest.swift */; };
		A1886CAD2909A714006825F0 /* ApiRequest.swift in Sources */ = {isa = PBXBuildFile; fileRef = A1886CAC2909A714006825F0 /* ApiRequest.swift */; };
		A1886CAF2909A75D006825F0 /* RequestModels.swift in Sources */ = {isa = PBXBuildFile; fileRef = A1886CAE2909A75D006825F0 /* RequestModels.swift */; };
		A1886CB12909B0C4006825F0 /* AnyCodable.swift in Sources */ = {isa = PBXBuildFile; fileRef = A1886CB02909B0C4006825F0 /* AnyCodable.swift */; };
		A1886CB3290A7BB5006825F0 /* Rpc.swift in Sources */ = {isa = PBXBuildFile; fileRef = A1886CB2290A7BB5006825F0 /* Rpc.swift */; };
		A1886CB5290A7C14006825F0 /* Context.swift in Sources */ = {isa = PBXBuildFile; fileRef = A1886CB4290A7C13006825F0 /* Context.swift */; };
		A1886CB7290AF4DC006825F0 /* ApiResponse.swift in Sources */ = {isa = PBXBuildFile; fileRef = A1886CB6290AF4DC006825F0 /* ApiResponse.swift */; };
		A1886CB9290AF4FA006825F0 /* ResponseError.swift in Sources */ = {isa = PBXBuildFile; fileRef = A1886CB8290AF4FA006825F0 /* ResponseError.swift */; };
		A1886CBB290C48AC006825F0 /* Fee.swift in Sources */ = {isa = PBXBuildFile; fileRef = A1886CBA290C48AC006825F0 /* Fee.swift */; };
/* End PBXBuildFile section */

/* Begin PBXContainerItemProxy section */
		A1886C442907E671006825F0 /* PBXContainerItemProxy */ = {
			isa = PBXContainerItemProxy;
			containerPortal = A1886C252907E66F006825F0 /* Project object */;
			proxyType = 1;
			remoteGlobalIDString = A1886C2C2907E66F006825F0;
			remoteInfo = SolanaWallet;
		};
		A1886C4E2907E671006825F0 /* PBXContainerItemProxy */ = {
			isa = PBXContainerItemProxy;
			containerPortal = A1886C252907E66F006825F0 /* Project object */;
			proxyType = 1;
			remoteGlobalIDString = A1886C2C2907E66F006825F0;
			remoteInfo = SolanaWallet;
		};
/* End PBXContainerItemProxy section */

/* Begin PBXFileReference section */
		A120E1AD290FC09600406412 /* SolanaBlockChainClient.swift */ = {isa = PBXFileReference; lastKnownFileType = sourcecode.swift; path = SolanaBlockChainClient.swift; sourceTree = "<group>"; };
		A120E1AF290FC18600406412 /* PreparedTransaction.swift */ = {isa = PBXFileReference; lastKnownFileType = sourcecode.swift; path = PreparedTransaction.swift; sourceTree = "<group>"; };
		A120E1B1290FC24400406412 /* Transaction.swift */ = {isa = PBXFileReference; lastKnownFileType = sourcecode.swift; path = Transaction.swift; sourceTree = "<group>"; };
		A120E1B3290FC34000406412 /* TransactionInstruction.swift */ = {isa = PBXFileReference; lastKnownFileType = sourcecode.swift; path = TransactionInstruction.swift; sourceTree = "<group>"; };
		A120E1B5290FD86F00406412 /* FeeAmount.swift */ = {isa = PBXFileReference; lastKnownFileType = sourcecode.swift; path = FeeAmount.swift; sourceTree = "<group>"; };
		A120E1B7290FD92E00406412 /* Message.swift */ = {isa = PBXFileReference; lastKnownFileType = sourcecode.swift; path = Message.swift; sourceTree = "<group>"; };
		A120E1B9290FD98400406412 /* Data + extension.swift */ = {isa = PBXFileReference; lastKnownFileType = sourcecode.swift; path = "Data + extension.swift"; sourceTree = "<group>"; };
		A120E1BB290FDAD100406412 /* AccountMeta + extension.swift */ = {isa = PBXFileReference; lastKnownFileType = sourcecode.swift; path = "AccountMeta + extension.swift"; sourceTree = "<group>"; };
		A120E1BD290FDB8400406412 /* BytesEncodable.swift */ = {isa = PBXFileReference; lastKnownFileType = sourcecode.swift; path = BytesEncodable.swift; sourceTree = "<group>"; };
		A1886C2D2907E66F006825F0 /* SolanaWallet.app */ = {isa = PBXFileReference; explicitFileType = wrapper.application; includeInIndex = 0; path = SolanaWallet.app; sourceTree = BUILT_PRODUCTS_DIR; };
		A1886C302907E66F006825F0 /* AppDelegate.swift */ = {isa = PBXFileReference; lastKnownFileType = sourcecode.swift; path = AppDelegate.swift; sourceTree = "<group>"; };
		A1886C392907E671006825F0 /* Assets.xcassets */ = {isa = PBXFileReference; lastKnownFileType = folder.assetcatalog; path = Assets.xcassets; sourceTree = "<group>"; };
		A1886C3C2907E671006825F0 /* Base */ = {isa = PBXFileReference; lastKnownFileType = file.storyboard; name = Base; path = Base.lproj/LaunchScreen.storyboard; sourceTree = "<group>"; };
		A1886C3E2907E671006825F0 /* Info.plist */ = {isa = PBXFileReference; lastKnownFileType = text.plist.xml; path = Info.plist; sourceTree = "<group>"; };
		A1886C432907E671006825F0 /* SolanaWalletTests.xctest */ = {isa = PBXFileReference; explicitFileType = wrapper.cfbundle; includeInIndex = 0; path = SolanaWalletTests.xctest; sourceTree = BUILT_PRODUCTS_DIR; };
		A1886C472907E671006825F0 /* SolanaWalletTests.swift */ = {isa = PBXFileReference; lastKnownFileType = sourcecode.swift; path = SolanaWalletTests.swift; sourceTree = "<group>"; };
		A1886C4D2907E671006825F0 /* SolanaWalletUITests.xctest */ = {isa = PBXFileReference; explicitFileType = wrapper.cfbundle; includeInIndex = 0; path = SolanaWalletUITests.xctest; sourceTree = BUILT_PRODUCTS_DIR; };
		A1886C512907E671006825F0 /* SolanaWalletUITests.swift */ = {isa = PBXFileReference; lastKnownFileType = sourcecode.swift; path = SolanaWalletUITests.swift; sourceTree = "<group>"; };
		A1886C532907E671006825F0 /* SolanaWalletUITestsLaunchTests.swift */ = {isa = PBXFileReference; lastKnownFileType = sourcecode.swift; path = SolanaWalletUITestsLaunchTests.swift; sourceTree = "<group>"; };
		A1886C7729085780006825F0 /* ReceiveViewController.swift */ = {isa = PBXFileReference; fileEncoding = 4; lastKnownFileType = sourcecode.swift; path = ReceiveViewController.swift; sourceTree = "<group>"; };
		A1886C7829085780006825F0 /* SendViewController.swift */ = {isa = PBXFileReference; fileEncoding = 4; lastKnownFileType = sourcecode.swift; path = SendViewController.swift; sourceTree = "<group>"; };
		A1886C7B290857FF006825F0 /* PublicKey.swift */ = {isa = PBXFileReference; fileEncoding = 4; lastKnownFileType = sourcecode.swift; path = PublicKey.swift; sourceTree = "<group>"; };
		A1886C7C290857FF006825F0 /* Mnemonic.swift */ = {isa = PBXFileReference; fileEncoding = 4; lastKnownFileType = sourcecode.swift; path = Mnemonic.swift; sourceTree = "<group>"; };
		A1886C7D290857FF006825F0 /* NetworkModel.swift */ = {isa = PBXFileReference; fileEncoding = 4; lastKnownFileType = sourcecode.swift; path = NetworkModel.swift; sourceTree = "<group>"; };
		A1886C7E290857FF006825F0 /* PBKDF2.swift */ = {isa = PBXFileReference; fileEncoding = 4; lastKnownFileType = sourcecode.swift; path = PBKDF2.swift; sourceTree = "<group>"; };
		A1886C80290857FF006825F0 /* SolanaAccount.swift */ = {isa = PBXFileReference; fileEncoding = 4; lastKnownFileType = sourcecode.swift; path = SolanaAccount.swift; sourceTree = "<group>"; };
		A1886C81290857FF006825F0 /* Base58.swift */ = {isa = PBXFileReference; fileEncoding = 4; lastKnownFileType = sourcecode.swift; path = Base58.swift; sourceTree = "<group>"; };
		A1886C82290857FF006825F0 /* SolanaError.swift */ = {isa = PBXFileReference; fileEncoding = 4; lastKnownFileType = sourcecode.swift; path = SolanaError.swift; sourceTree = "<group>"; };
		A1886C8D2909481B006825F0 /* DerivablePath.swift */ = {isa = PBXFileReference; lastKnownFileType = sourcecode.swift; path = DerivablePath.swift; sourceTree = "<group>"; };
		A1886C8F29094B39006825F0 /* Ed25519HDKey.swift */ = {isa = PBXFileReference; lastKnownFileType = sourcecode.swift; path = Ed25519HDKey.swift; sourceTree = "<group>"; };
		A1886C9129094BC1006825F0 /* HMAC.swift */ = {isa = PBXFileReference; lastKnownFileType = sourcecode.swift; path = HMAC.swift; sourceTree = "<group>"; };
		A1886C9629094CE8006825F0 /* Data + CryptoSwift.swift */ = {isa = PBXFileReference; fileEncoding = 4; lastKnownFileType = sourcecode.swift; path = "Data + CryptoSwift.swift"; sourceTree = "<group>"; };
		A1886C9B29094D1B006825F0 /* String + CryptoSwift.swift */ = {isa = PBXFileReference; lastKnownFileType = sourcecode.swift; path = "String + CryptoSwift.swift"; sourceTree = "<group>"; };
		A1886C9D29094DCC006825F0 /* Array + CryptoSwift.swift */ = {isa = PBXFileReference; lastKnownFileType = sourcecode.swift; path = "Array + CryptoSwift.swift"; sourceTree = "<group>"; };
		A1886C9F290954AE006825F0 /* ReceiveViewModel.swift */ = {isa = PBXFileReference; lastKnownFileType = sourcecode.swift; path = ReceiveViewModel.swift; sourceTree = "<group>"; };
		A1886CA12909991F006825F0 /* SolanaError.swift */ = {isa = PBXFileReference; lastKnownFileType = sourcecode.swift; path = SolanaError.swift; sourceTree = "<group>"; };
		A1886CA329099962006825F0 /* Base58.swift */ = {isa = PBXFileReference; lastKnownFileType = sourcecode.swift; path = Base58.swift; sourceTree = "<group>"; };
		A1886CA62909A22E006825F0 /* NetworkManager.swift */ = {isa = PBXFileReference; lastKnownFileType = sourcecode.swift; path = NetworkManager.swift; sourceTree = "<group>"; };
		A1886CA82909A2CF006825F0 /* URLConvertable.swift */ = {isa = PBXFileReference; lastKnownFileType = sourcecode.swift; path = URLConvertable.swift; sourceTree = "<group>"; };
		A1886CAA2909A303006825F0 /* SolanaApiRequest.swift */ = {isa = PBXFileReference; lastKnownFileType = sourcecode.swift; path = SolanaApiRequest.swift; sourceTree = "<group>"; };
		A1886CAC2909A714006825F0 /* ApiRequest.swift */ = {isa = PBXFileReference; lastKnownFileType = sourcecode.swift; path = ApiRequest.swift; sourceTree = "<group>"; };
		A1886CAE2909A75D006825F0 /* RequestModels.swift */ = {isa = PBXFileReference; lastKnownFileType = sourcecode.swift; path = RequestModels.swift; sourceTree = "<group>"; };
		A1886CB02909B0C4006825F0 /* AnyCodable.swift */ = {isa = PBXFileReference; lastKnownFileType = sourcecode.swift; path = AnyCodable.swift; sourceTree = "<group>"; };
		A1886CB2290A7BB5006825F0 /* Rpc.swift */ = {isa = PBXFileReference; lastKnownFileType = sourcecode.swift; path = Rpc.swift; sourceTree = "<group>"; };
		A1886CB4290A7C13006825F0 /* Context.swift */ = {isa = PBXFileReference; lastKnownFileType = sourcecode.swift; path = Context.swift; sourceTree = "<group>"; };
		A1886CB6290AF4DC006825F0 /* ApiResponse.swift */ = {isa = PBXFileReference; lastKnownFileType = sourcecode.swift; path = ApiResponse.swift; sourceTree = "<group>"; };
		A1886CB8290AF4FA006825F0 /* ResponseError.swift */ = {isa = PBXFileReference; lastKnownFileType = sourcecode.swift; path = ResponseError.swift; sourceTree = "<group>"; };
		A1886CBA290C48AC006825F0 /* Fee.swift */ = {isa = PBXFileReference; lastKnownFileType = sourcecode.swift; path = Fee.swift; sourceTree = "<group>"; };
/* End PBXFileReference section */

/* Begin PBXFrameworksBuildPhase section */
		A1886C2A2907E66F006825F0 /* Frameworks */ = {
			isa = PBXFrameworksBuildPhase;
			buildActionMask = 2147483647;
			files = (
				A1886C6429084BCB006825F0 /* TweetNacl in Frameworks */,
			);
			runOnlyForDeploymentPostprocessing = 0;
		};
		A1886C402907E671006825F0 /* Frameworks */ = {
			isa = PBXFrameworksBuildPhase;
			buildActionMask = 2147483647;
			files = (
			);
			runOnlyForDeploymentPostprocessing = 0;
		};
		A1886C4A2907E671006825F0 /* Frameworks */ = {
			isa = PBXFrameworksBuildPhase;
			buildActionMask = 2147483647;
			files = (
			);
			runOnlyForDeploymentPostprocessing = 0;
		};
/* End PBXFrameworksBuildPhase section */

/* Begin PBXGroup section */
		A120E1AC290FC08500406412 /* SolanaBlockChainClient */ = {
			isa = PBXGroup;
			children = (
				A120E1AD290FC09600406412 /* SolanaBlockChainClient.swift */,
				A120E1AF290FC18600406412 /* PreparedTransaction.swift */,
				A120E1B1290FC24400406412 /* Transaction.swift */,
				A120E1B3290FC34000406412 /* TransactionInstruction.swift */,
				A120E1B5290FD86F00406412 /* FeeAmount.swift */,
				A120E1B7290FD92E00406412 /* Message.swift */,
				A120E1B9290FD98400406412 /* Data + extension.swift */,
				A120E1BB290FDAD100406412 /* AccountMeta + extension.swift */,
				A120E1BD290FDB8400406412 /* BytesEncodable.swift */,
			);
			path = SolanaBlockChainClient;
			sourceTree = "<group>";
		};
		A1886C242907E66F006825F0 = {
			isa = PBXGroup;
			children = (
				A1886C2F2907E66F006825F0 /* SolanaWallet */,
				A1886C462907E671006825F0 /* SolanaWalletTests */,
				A1886C502907E671006825F0 /* SolanaWalletUITests */,
				A1886C2E2907E66F006825F0 /* Products */,
			);
			sourceTree = "<group>";
		};
		A1886C2E2907E66F006825F0 /* Products */ = {
			isa = PBXGroup;
			children = (
				A1886C2D2907E66F006825F0 /* SolanaWallet.app */,
				A1886C432907E671006825F0 /* SolanaWalletTests.xctest */,
				A1886C4D2907E671006825F0 /* SolanaWalletUITests.xctest */,
			);
			name = Products;
			sourceTree = "<group>";
		};
		A1886C2F2907E66F006825F0 /* SolanaWallet */ = {
			isa = PBXGroup;
			children = (
				A120E1AC290FC08500406412 /* SolanaBlockChainClient */,
				A1886CA52909A223006825F0 /* NetworkLayer */,
				A1886C7629085780006825F0 /* UILayer */,
				A1886C7529085756006825F0 /* SolanaAccount */,
				A1886C302907E66F006825F0 /* AppDelegate.swift */,
				A1886C392907E671006825F0 /* Assets.xcassets */,
				A1886C3B2907E671006825F0 /* LaunchScreen.storyboard */,
				A1886C3E2907E671006825F0 /* Info.plist */,
			);
			path = SolanaWallet;
			sourceTree = "<group>";
		};
		A1886C462907E671006825F0 /* SolanaWalletTests */ = {
			isa = PBXGroup;
			children = (
				A1886C472907E671006825F0 /* SolanaWalletTests.swift */,
			);
			path = SolanaWalletTests;
			sourceTree = "<group>";
		};
		A1886C502907E671006825F0 /* SolanaWalletUITests */ = {
			isa = PBXGroup;
			children = (
				A1886C512907E671006825F0 /* SolanaWalletUITests.swift */,
				A1886C532907E671006825F0 /* SolanaWalletUITestsLaunchTests.swift */,
			);
			path = SolanaWalletUITests;
			sourceTree = "<group>";
		};
		A1886C7529085756006825F0 /* SolanaAccount */ = {
			isa = PBXGroup;
			children = (
				A1886C9529094CE8006825F0 /* CryptoSwift */,
				A1886C81290857FF006825F0 /* Base58.swift */,
				A1886C7C290857FF006825F0 /* Mnemonic.swift */,
				A1886C7D290857FF006825F0 /* NetworkModel.swift */,
				A1886C7E290857FF006825F0 /* PBKDF2.swift */,
				A1886C7B290857FF006825F0 /* PublicKey.swift */,
				A1886C80290857FF006825F0 /* SolanaAccount.swift */,
				A1886C82290857FF006825F0 /* SolanaError.swift */,
				A1886C8D2909481B006825F0 /* DerivablePath.swift */,
				A1886C8F29094B39006825F0 /* Ed25519HDKey.swift */,
				A1886C9129094BC1006825F0 /* HMAC.swift */,
				A1886CA12909991F006825F0 /* SolanaError.swift */,
				A1886CA329099962006825F0 /* Base58.swift */,
			);
			path = SolanaAccount;
			sourceTree = "<group>";
		};
		A1886C7629085780006825F0 /* UILayer */ = {
			isa = PBXGroup;
			children = (
				A1886C7729085780006825F0 /* ReceiveViewController.swift */,
				A1886C9F290954AE006825F0 /* ReceiveViewModel.swift */,
				A1886C7829085780006825F0 /* SendViewController.swift */,
			);
			path = UILayer;
			sourceTree = "<group>";
		};
		A1886C9529094CE8006825F0 /* CryptoSwift */ = {
			isa = PBXGroup;
			children = (
				A1886C9629094CE8006825F0 /* Data + CryptoSwift.swift */,
				A1886C9B29094D1B006825F0 /* String + CryptoSwift.swift */,
				A1886C9D29094DCC006825F0 /* Array + CryptoSwift.swift */,
			);
			path = CryptoSwift;
			sourceTree = "<group>";
		};
		A1886CA52909A223006825F0 /* NetworkLayer */ = {
			isa = PBXGroup;
			children = (
				A1886CA62909A22E006825F0 /* NetworkManager.swift */,
				A1886CA82909A2CF006825F0 /* URLConvertable.swift */,
				A1886CAA2909A303006825F0 /* SolanaApiRequest.swift */,
				A1886CAC2909A714006825F0 /* ApiRequest.swift */,
				A1886CAE2909A75D006825F0 /* RequestModels.swift */,
				A1886CB02909B0C4006825F0 /* AnyCodable.swift */,
				A1886CB2290A7BB5006825F0 /* Rpc.swift */,
				A1886CB4290A7C13006825F0 /* Context.swift */,
				A1886CB6290AF4DC006825F0 /* ApiResponse.swift */,
				A1886CB8290AF4FA006825F0 /* ResponseError.swift */,
				A1886CBA290C48AC006825F0 /* Fee.swift */,
			);
			path = NetworkLayer;
			sourceTree = "<group>";
		};
/* End PBXGroup section */

/* Begin PBXNativeTarget section */
		A1886C2C2907E66F006825F0 /* SolanaWallet */ = {
			isa = PBXNativeTarget;
			buildConfigurationList = A1886C572907E671006825F0 /* Build configuration list for PBXNativeTarget "SolanaWallet" */;
			buildPhases = (
				A1886C292907E66F006825F0 /* Sources */,
				A1886C2A2907E66F006825F0 /* Frameworks */,
				A1886C2B2907E66F006825F0 /* Resources */,
			);
			buildRules = (
			);
			dependencies = (
			);
			name = SolanaWallet;
			packageProductDependencies = (
				A1886C6329084BCB006825F0 /* TweetNacl */,
			);
			productName = SolanaWallet;
			productReference = A1886C2D2907E66F006825F0 /* SolanaWallet.app */;
			productType = "com.apple.product-type.application";
		};
		A1886C422907E671006825F0 /* SolanaWalletTests */ = {
			isa = PBXNativeTarget;
			buildConfigurationList = A1886C5A2907E671006825F0 /* Build configuration list for PBXNativeTarget "SolanaWalletTests" */;
			buildPhases = (
				A1886C3F2907E671006825F0 /* Sources */,
				A1886C402907E671006825F0 /* Frameworks */,
				A1886C412907E671006825F0 /* Resources */,
			);
			buildRules = (
			);
			dependencies = (
				A1886C452907E671006825F0 /* PBXTargetDependency */,
			);
			name = SolanaWalletTests;
			productName = SolanaWalletTests;
			productReference = A1886C432907E671006825F0 /* SolanaWalletTests.xctest */;
			productType = "com.apple.product-type.bundle.unit-test";
		};
		A1886C4C2907E671006825F0 /* SolanaWalletUITests */ = {
			isa = PBXNativeTarget;
			buildConfigurationList = A1886C5D2907E671006825F0 /* Build configuration list for PBXNativeTarget "SolanaWalletUITests" */;
			buildPhases = (
				A1886C492907E671006825F0 /* Sources */,
				A1886C4A2907E671006825F0 /* Frameworks */,
				A1886C4B2907E671006825F0 /* Resources */,
			);
			buildRules = (
			);
			dependencies = (
				A1886C4F2907E671006825F0 /* PBXTargetDependency */,
			);
			name = SolanaWalletUITests;
			productName = SolanaWalletUITests;
			productReference = A1886C4D2907E671006825F0 /* SolanaWalletUITests.xctest */;
			productType = "com.apple.product-type.bundle.ui-testing";
		};
/* End PBXNativeTarget section */

/* Begin PBXProject section */
		A1886C252907E66F006825F0 /* Project object */ = {
			isa = PBXProject;
			attributes = {
				BuildIndependentTargetsInParallel = 1;
				LastSwiftUpdateCheck = 1320;
				LastUpgradeCheck = 1320;
				TargetAttributes = {
					A1886C2C2907E66F006825F0 = {
						CreatedOnToolsVersion = 13.2.1;
					};
					A1886C422907E671006825F0 = {
						CreatedOnToolsVersion = 13.2.1;
						TestTargetID = A1886C2C2907E66F006825F0;
					};
					A1886C4C2907E671006825F0 = {
						CreatedOnToolsVersion = 13.2.1;
						TestTargetID = A1886C2C2907E66F006825F0;
					};
				};
			};
			buildConfigurationList = A1886C282907E66F006825F0 /* Build configuration list for PBXProject "SolanaWallet" */;
			compatibilityVersion = "Xcode 13.0";
			developmentRegion = en;
			hasScannedForEncodings = 0;
			knownRegions = (
				en,
				Base,
			);
			mainGroup = A1886C242907E66F006825F0;
			packageReferences = (
				A1886C6229084BCB006825F0 /* XCRemoteSwiftPackageReference "tweetnacl-swiftwrap" */,
			);
			productRefGroup = A1886C2E2907E66F006825F0 /* Products */;
			projectDirPath = "";
			projectRoot = "";
			targets = (
				A1886C2C2907E66F006825F0 /* SolanaWallet */,
				A1886C422907E671006825F0 /* SolanaWalletTests */,
				A1886C4C2907E671006825F0 /* SolanaWalletUITests */,
			);
		};
/* End PBXProject section */

/* Begin PBXResourcesBuildPhase section */
		A1886C2B2907E66F006825F0 /* Resources */ = {
			isa = PBXResourcesBuildPhase;
			buildActionMask = 2147483647;
			files = (
				A1886C3D2907E671006825F0 /* LaunchScreen.storyboard in Resources */,
				A1886C3A2907E671006825F0 /* Assets.xcassets in Resources */,
			);
			runOnlyForDeploymentPostprocessing = 0;
		};
		A1886C412907E671006825F0 /* Resources */ = {
			isa = PBXResourcesBuildPhase;
			buildActionMask = 2147483647;
			files = (
			);
			runOnlyForDeploymentPostprocessing = 0;
		};
		A1886C4B2907E671006825F0 /* Resources */ = {
			isa = PBXResourcesBuildPhase;
			buildActionMask = 2147483647;
			files = (
			);
			runOnlyForDeploymentPostprocessing = 0;
		};
/* End PBXResourcesBuildPhase section */

/* Begin PBXSourcesBuildPhase section */
		A1886C292907E66F006825F0 /* Sources */ = {
			isa = PBXSourcesBuildPhase;
			buildActionMask = 2147483647;
			files = (
				A1886C8E2909481B006825F0 /* DerivablePath.swift in Sources */,
				A1886C83290857FF006825F0 /* PublicKey.swift in Sources */,
				A1886C9029094B39006825F0 /* Ed25519HDKey.swift in Sources */,
				A1886C89290857FF006825F0 /* Base58.swift in Sources */,
				A1886C86290857FF006825F0 /* PBKDF2.swift in Sources */,
				A1886CA429099962006825F0 /* Base58.swift in Sources */,
				A120E1B6290FD86F00406412 /* FeeAmount.swift in Sources */,
				A1886C9E29094DCC006825F0 /* Array + CryptoSwift.swift in Sources */,
				A1886C7929085780006825F0 /* ReceiveViewController.swift in Sources */,
				A120E1BE290FDB8400406412 /* BytesEncodable.swift in Sources */,
				A1886C85290857FF006825F0 /* NetworkModel.swift in Sources */,
				A1886C9C29094D1B006825F0 /* String + CryptoSwift.swift in Sources */,
				A1886CAD2909A714006825F0 /* ApiRequest.swift in Sources */,
				A120E1B2290FC24400406412 /* Transaction.swift in Sources */,
				A1886C312907E66F006825F0 /* AppDelegate.swift in Sources */,
				A1886CA22909991F006825F0 /* SolanaError.swift in Sources */,
				A120E1B0290FC18600406412 /* PreparedTransaction.swift in Sources */,
				A1886CA72909A22E006825F0 /* NetworkManager.swift in Sources */,
				A1886C8A290857FF006825F0 /* SolanaError.swift in Sources */,
				A120E1BA290FD98400406412 /* Data + extension.swift in Sources */,
				A120E1B4290FC34000406412 /* TransactionInstruction.swift in Sources */,
				A1886CB5290A7C14006825F0 /* Context.swift in Sources */,
				A1886CB9290AF4FA006825F0 /* ResponseError.swift in Sources */,
				A120E1B8290FD92E00406412 /* Message.swift in Sources */,
				A1886C9229094BC1006825F0 /* HMAC.swift in Sources */,
				A1886CB7290AF4DC006825F0 /* ApiResponse.swift in Sources */,
				A1886C84290857FF006825F0 /* Mnemonic.swift in Sources */,
				A1886CB12909B0C4006825F0 /* AnyCodable.swift in Sources */,
				A1886CAB2909A303006825F0 /* SolanaApiRequest.swift in Sources */,
				A120E1BC290FDAD100406412 /* AccountMeta + extension.swift in Sources */,
				A1886CBB290C48AC006825F0 /* Fee.swift in Sources */,
				A1886CB3290A7BB5006825F0 /* Rpc.swift in Sources */,
				A120E1AE290FC09600406412 /* SolanaBlockChainClient.swift in Sources */,
				A1886C88290857FF006825F0 /* SolanaAccount.swift in Sources */,
				A1886CAF2909A75D006825F0 /* RequestModels.swift in Sources */,
				A1886CA0290954AE006825F0 /* ReceiveViewModel.swift in Sources */,
				A1886C7A29085780006825F0 /* SendViewController.swift in Sources */,
				A1886CA92909A2CF006825F0 /* URLConvertable.swift in Sources */,
				A1886C9729094CE8006825F0 /* Data + CryptoSwift.swift in Sources */,
			);
			runOnlyForDeploymentPostprocessing = 0;
		};
		A1886C3F2907E671006825F0 /* Sources */ = {
			isa = PBXSourcesBuildPhase;
			buildActionMask = 2147483647;
			files = (
				A1886C482907E671006825F0 /* SolanaWalletTests.swift in Sources */,
			);
			runOnlyForDeploymentPostprocessing = 0;
		};
		A1886C492907E671006825F0 /* Sources */ = {
			isa = PBXSourcesBuildPhase;
			buildActionMask = 2147483647;
			files = (
				A1886C522907E671006825F0 /* SolanaWalletUITests.swift in Sources */,
				A1886C542907E671006825F0 /* SolanaWalletUITestsLaunchTests.swift in Sources */,
			);
			runOnlyForDeploymentPostprocessing = 0;
		};
/* End PBXSourcesBuildPhase section */

/* Begin PBXTargetDependency section */
		A1886C452907E671006825F0 /* PBXTargetDependency */ = {
			isa = PBXTargetDependency;
			target = A1886C2C2907E66F006825F0 /* SolanaWallet */;
			targetProxy = A1886C442907E671006825F0 /* PBXContainerItemProxy */;
		};
		A1886C4F2907E671006825F0 /* PBXTargetDependency */ = {
			isa = PBXTargetDependency;
			target = A1886C2C2907E66F006825F0 /* SolanaWallet */;
			targetProxy = A1886C4E2907E671006825F0 /* PBXContainerItemProxy */;
		};
/* End PBXTargetDependency section */

/* Begin PBXVariantGroup section */
		A1886C3B2907E671006825F0 /* LaunchScreen.storyboard */ = {
			isa = PBXVariantGroup;
			children = (
				A1886C3C2907E671006825F0 /* Base */,
			);
			name = LaunchScreen.storyboard;
			sourceTree = "<group>";
		};
/* End PBXVariantGroup section */

/* Begin XCBuildConfiguration section */
		A1886C552907E671006825F0 /* Debug */ = {
			isa = XCBuildConfiguration;
			buildSettings = {
				ALWAYS_SEARCH_USER_PATHS = NO;
				CLANG_ANALYZER_NONNULL = YES;
				CLANG_ANALYZER_NUMBER_OBJECT_CONVERSION = YES_AGGRESSIVE;
				CLANG_CXX_LANGUAGE_STANDARD = "gnu++17";
				CLANG_CXX_LIBRARY = "libc++";
				CLANG_ENABLE_MODULES = YES;
				CLANG_ENABLE_OBJC_ARC = YES;
				CLANG_ENABLE_OBJC_WEAK = YES;
				CLANG_WARN_BLOCK_CAPTURE_AUTORELEASING = YES;
				CLANG_WARN_BOOL_CONVERSION = YES;
				CLANG_WARN_COMMA = YES;
				CLANG_WARN_CONSTANT_CONVERSION = YES;
				CLANG_WARN_DEPRECATED_OBJC_IMPLEMENTATIONS = YES;
				CLANG_WARN_DIRECT_OBJC_ISA_USAGE = YES_ERROR;
				CLANG_WARN_DOCUMENTATION_COMMENTS = YES;
				CLANG_WARN_EMPTY_BODY = YES;
				CLANG_WARN_ENUM_CONVERSION = YES;
				CLANG_WARN_INFINITE_RECURSION = YES;
				CLANG_WARN_INT_CONVERSION = YES;
				CLANG_WARN_NON_LITERAL_NULL_CONVERSION = YES;
				CLANG_WARN_OBJC_IMPLICIT_RETAIN_SELF = YES;
				CLANG_WARN_OBJC_LITERAL_CONVERSION = YES;
				CLANG_WARN_OBJC_ROOT_CLASS = YES_ERROR;
				CLANG_WARN_QUOTED_INCLUDE_IN_FRAMEWORK_HEADER = YES;
				CLANG_WARN_RANGE_LOOP_ANALYSIS = YES;
				CLANG_WARN_STRICT_PROTOTYPES = YES;
				CLANG_WARN_SUSPICIOUS_MOVE = YES;
				CLANG_WARN_UNGUARDED_AVAILABILITY = YES_AGGRESSIVE;
				CLANG_WARN_UNREACHABLE_CODE = YES;
				CLANG_WARN__DUPLICATE_METHOD_MATCH = YES;
				COPY_PHASE_STRIP = NO;
				DEBUG_INFORMATION_FORMAT = dwarf;
				ENABLE_STRICT_OBJC_MSGSEND = YES;
				ENABLE_TESTABILITY = YES;
				GCC_C_LANGUAGE_STANDARD = gnu11;
				GCC_DYNAMIC_NO_PIC = NO;
				GCC_NO_COMMON_BLOCKS = YES;
				GCC_OPTIMIZATION_LEVEL = 0;
				GCC_PREPROCESSOR_DEFINITIONS = (
					"DEBUG=1",
					"$(inherited)",
				);
				GCC_WARN_64_TO_32_BIT_CONVERSION = YES;
				GCC_WARN_ABOUT_RETURN_TYPE = YES_ERROR;
				GCC_WARN_UNDECLARED_SELECTOR = YES;
				GCC_WARN_UNINITIALIZED_AUTOS = YES_AGGRESSIVE;
				GCC_WARN_UNUSED_FUNCTION = YES;
				GCC_WARN_UNUSED_VARIABLE = YES;
				IPHONEOS_DEPLOYMENT_TARGET = 15.2;
				MTL_ENABLE_DEBUG_INFO = INCLUDE_SOURCE;
				MTL_FAST_MATH = YES;
				ONLY_ACTIVE_ARCH = YES;
				SDKROOT = iphoneos;
				SWIFT_ACTIVE_COMPILATION_CONDITIONS = DEBUG;
				SWIFT_OPTIMIZATION_LEVEL = "-Onone";
			};
			name = Debug;
		};
		A1886C562907E671006825F0 /* Release */ = {
			isa = XCBuildConfiguration;
			buildSettings = {
				ALWAYS_SEARCH_USER_PATHS = NO;
				CLANG_ANALYZER_NONNULL = YES;
				CLANG_ANALYZER_NUMBER_OBJECT_CONVERSION = YES_AGGRESSIVE;
				CLANG_CXX_LANGUAGE_STANDARD = "gnu++17";
				CLANG_CXX_LIBRARY = "libc++";
				CLANG_ENABLE_MODULES = YES;
				CLANG_ENABLE_OBJC_ARC = YES;
				CLANG_ENABLE_OBJC_WEAK = YES;
				CLANG_WARN_BLOCK_CAPTURE_AUTORELEASING = YES;
				CLANG_WARN_BOOL_CONVERSION = YES;
				CLANG_WARN_COMMA = YES;
				CLANG_WARN_CONSTANT_CONVERSION = YES;
				CLANG_WARN_DEPRECATED_OBJC_IMPLEMENTATIONS = YES;
				CLANG_WARN_DIRECT_OBJC_ISA_USAGE = YES_ERROR;
				CLANG_WARN_DOCUMENTATION_COMMENTS = YES;
				CLANG_WARN_EMPTY_BODY = YES;
				CLANG_WARN_ENUM_CONVERSION = YES;
				CLANG_WARN_INFINITE_RECURSION = YES;
				CLANG_WARN_INT_CONVERSION = YES;
				CLANG_WARN_NON_LITERAL_NULL_CONVERSION = YES;
				CLANG_WARN_OBJC_IMPLICIT_RETAIN_SELF = YES;
				CLANG_WARN_OBJC_LITERAL_CONVERSION = YES;
				CLANG_WARN_OBJC_ROOT_CLASS = YES_ERROR;
				CLANG_WARN_QUOTED_INCLUDE_IN_FRAMEWORK_HEADER = YES;
				CLANG_WARN_RANGE_LOOP_ANALYSIS = YES;
				CLANG_WARN_STRICT_PROTOTYPES = YES;
				CLANG_WARN_SUSPICIOUS_MOVE = YES;
				CLANG_WARN_UNGUARDED_AVAILABILITY = YES_AGGRESSIVE;
				CLANG_WARN_UNREACHABLE_CODE = YES;
				CLANG_WARN__DUPLICATE_METHOD_MATCH = YES;
				COPY_PHASE_STRIP = NO;
				DEBUG_INFORMATION_FORMAT = "dwarf-with-dsym";
				ENABLE_NS_ASSERTIONS = NO;
				ENABLE_STRICT_OBJC_MSGSEND = YES;
				GCC_C_LANGUAGE_STANDARD = gnu11;
				GCC_NO_COMMON_BLOCKS = YES;
				GCC_WARN_64_TO_32_BIT_CONVERSION = YES;
				GCC_WARN_ABOUT_RETURN_TYPE = YES_ERROR;
				GCC_WARN_UNDECLARED_SELECTOR = YES;
				GCC_WARN_UNINITIALIZED_AUTOS = YES_AGGRESSIVE;
				GCC_WARN_UNUSED_FUNCTION = YES;
				GCC_WARN_UNUSED_VARIABLE = YES;
				IPHONEOS_DEPLOYMENT_TARGET = 15.2;
				MTL_ENABLE_DEBUG_INFO = NO;
				MTL_FAST_MATH = YES;
				SDKROOT = iphoneos;
				SWIFT_COMPILATION_MODE = wholemodule;
				SWIFT_OPTIMIZATION_LEVEL = "-O";
				VALIDATE_PRODUCT = YES;
			};
			name = Release;
		};
		A1886C582907E671006825F0 /* Debug */ = {
			isa = XCBuildConfiguration;
			buildSettings = {
				ASSETCATALOG_COMPILER_APPICON_NAME = AppIcon;
				ASSETCATALOG_COMPILER_GLOBAL_ACCENT_COLOR_NAME = AccentColor;
				CODE_SIGN_STYLE = Automatic;
				CURRENT_PROJECT_VERSION = 1;
				DEVELOPMENT_TEAM = APFBHZJ7XG;
				GENERATE_INFOPLIST_FILE = YES;
				INFOPLIST_FILE = SolanaWallet/Info.plist;
				INFOPLIST_KEY_UIApplicationSupportsIndirectInputEvents = YES;
				INFOPLIST_KEY_UILaunchStoryboardName = LaunchScreen;
				INFOPLIST_KEY_UISupportedInterfaceOrientations_iPad = "UIInterfaceOrientationPortrait UIInterfaceOrientationPortraitUpsideDown UIInterfaceOrientationLandscapeLeft UIInterfaceOrientationLandscapeRight";
				INFOPLIST_KEY_UISupportedInterfaceOrientations_iPhone = "UIInterfaceOrientationPortrait UIInterfaceOrientationLandscapeLeft UIInterfaceOrientationLandscapeRight";
				LD_RUNPATH_SEARCH_PATHS = (
					"$(inherited)",
					"@executable_path/Frameworks",
				);
				MARKETING_VERSION = 1.0;
				PRODUCT_BUNDLE_IDENTIFIER = com.solana.wallet.am.SolanaWallet;
				PRODUCT_NAME = "$(TARGET_NAME)";
				SWIFT_EMIT_LOC_STRINGS = YES;
				SWIFT_VERSION = 5.0;
				TARGETED_DEVICE_FAMILY = "1,2";
			};
			name = Debug;
		};
		A1886C592907E671006825F0 /* Release */ = {
			isa = XCBuildConfiguration;
			buildSettings = {
				ASSETCATALOG_COMPILER_APPICON_NAME = AppIcon;
				ASSETCATALOG_COMPILER_GLOBAL_ACCENT_COLOR_NAME = AccentColor;
				CODE_SIGN_STYLE = Automatic;
				CURRENT_PROJECT_VERSION = 1;
				DEVELOPMENT_TEAM = APFBHZJ7XG;
				GENERATE_INFOPLIST_FILE = YES;
				INFOPLIST_FILE = SolanaWallet/Info.plist;
				INFOPLIST_KEY_UIApplicationSupportsIndirectInputEvents = YES;
				INFOPLIST_KEY_UILaunchStoryboardName = LaunchScreen;
				INFOPLIST_KEY_UISupportedInterfaceOrientations_iPad = "UIInterfaceOrientationPortrait UIInterfaceOrientationPortraitUpsideDown UIInterfaceOrientationLandscapeLeft UIInterfaceOrientationLandscapeRight";
				INFOPLIST_KEY_UISupportedInterfaceOrientations_iPhone = "UIInterfaceOrientationPortrait UIInterfaceOrientationLandscapeLeft UIInterfaceOrientationLandscapeRight";
				LD_RUNPATH_SEARCH_PATHS = (
					"$(inherited)",
					"@executable_path/Frameworks",
				);
				MARKETING_VERSION = 1.0;
				PRODUCT_BUNDLE_IDENTIFIER = com.solana.wallet.am.SolanaWallet;
				PRODUCT_NAME = "$(TARGET_NAME)";
				SWIFT_EMIT_LOC_STRINGS = YES;
				SWIFT_VERSION = 5.0;
				TARGETED_DEVICE_FAMILY = "1,2";
			};
			name = Release;
		};
		A1886C5B2907E671006825F0 /* Debug */ = {
			isa = XCBuildConfiguration;
			buildSettings = {
				ALWAYS_EMBED_SWIFT_STANDARD_LIBRARIES = YES;
				BUNDLE_LOADER = "$(TEST_HOST)";
				CODE_SIGN_STYLE = Automatic;
				CURRENT_PROJECT_VERSION = 1;
				DEVELOPMENT_TEAM = APFBHZJ7XG;
				GENERATE_INFOPLIST_FILE = YES;
				IPHONEOS_DEPLOYMENT_TARGET = 15.2;
				MARKETING_VERSION = 1.0;
				PRODUCT_BUNDLE_IDENTIFIER = com.solana.wallet.am.SolanaWalletTests;
				PRODUCT_NAME = "$(TARGET_NAME)";
				SWIFT_EMIT_LOC_STRINGS = NO;
				SWIFT_VERSION = 5.0;
				TARGETED_DEVICE_FAMILY = "1,2";
				TEST_HOST = "$(BUILT_PRODUCTS_DIR)/SolanaWallet.app/SolanaWallet";
			};
			name = Debug;
		};
		A1886C5C2907E671006825F0 /* Release */ = {
			isa = XCBuildConfiguration;
			buildSettings = {
				ALWAYS_EMBED_SWIFT_STANDARD_LIBRARIES = YES;
				BUNDLE_LOADER = "$(TEST_HOST)";
				CODE_SIGN_STYLE = Automatic;
				CURRENT_PROJECT_VERSION = 1;
				DEVELOPMENT_TEAM = APFBHZJ7XG;
				GENERATE_INFOPLIST_FILE = YES;
				IPHONEOS_DEPLOYMENT_TARGET = 15.2;
				MARKETING_VERSION = 1.0;
				PRODUCT_BUNDLE_IDENTIFIER = com.solana.wallet.am.SolanaWalletTests;
				PRODUCT_NAME = "$(TARGET_NAME)";
				SWIFT_EMIT_LOC_STRINGS = NO;
				SWIFT_VERSION = 5.0;
				TARGETED_DEVICE_FAMILY = "1,2";
				TEST_HOST = "$(BUILT_PRODUCTS_DIR)/SolanaWallet.app/SolanaWallet";
			};
			name = Release;
		};
		A1886C5E2907E671006825F0 /* Debug */ = {
			isa = XCBuildConfiguration;
			buildSettings = {
				ALWAYS_EMBED_SWIFT_STANDARD_LIBRARIES = YES;
				CODE_SIGN_STYLE = Automatic;
				CURRENT_PROJECT_VERSION = 1;
				DEVELOPMENT_TEAM = APFBHZJ7XG;
				GENERATE_INFOPLIST_FILE = YES;
				MARKETING_VERSION = 1.0;
				PRODUCT_BUNDLE_IDENTIFIER = com.solana.wallet.am.SolanaWalletUITests;
				PRODUCT_NAME = "$(TARGET_NAME)";
				SWIFT_EMIT_LOC_STRINGS = NO;
				SWIFT_VERSION = 5.0;
				TARGETED_DEVICE_FAMILY = "1,2";
				TEST_TARGET_NAME = SolanaWallet;
			};
			name = Debug;
		};
		A1886C5F2907E671006825F0 /* Release */ = {
			isa = XCBuildConfiguration;
			buildSettings = {
				ALWAYS_EMBED_SWIFT_STANDARD_LIBRARIES = YES;
				CODE_SIGN_STYLE = Automatic;
				CURRENT_PROJECT_VERSION = 1;
				DEVELOPMENT_TEAM = APFBHZJ7XG;
				GENERATE_INFOPLIST_FILE = YES;
				MARKETING_VERSION = 1.0;
				PRODUCT_BUNDLE_IDENTIFIER = com.solana.wallet.am.SolanaWalletUITests;
				PRODUCT_NAME = "$(TARGET_NAME)";
				SWIFT_EMIT_LOC_STRINGS = NO;
				SWIFT_VERSION = 5.0;
				TARGETED_DEVICE_FAMILY = "1,2";
				TEST_TARGET_NAME = SolanaWallet;
			};
			name = Release;
		};
/* End XCBuildConfiguration section */

/* Begin XCConfigurationList section */
		A1886C282907E66F006825F0 /* Build configuration list for PBXProject "SolanaWallet" */ = {
			isa = XCConfigurationList;
			buildConfigurations = (
				A1886C552907E671006825F0 /* Debug */,
				A1886C562907E671006825F0 /* Release */,
			);
			defaultConfigurationIsVisible = 0;
			defaultConfigurationName = Release;
		};
		A1886C572907E671006825F0 /* Build configuration list for PBXNativeTarget "SolanaWallet" */ = {
			isa = XCConfigurationList;
			buildConfigurations = (
				A1886C582907E671006825F0 /* Debug */,
				A1886C592907E671006825F0 /* Release */,
			);
			defaultConfigurationIsVisible = 0;
			defaultConfigurationName = Release;
		};
		A1886C5A2907E671006825F0 /* Build configuration list for PBXNativeTarget "SolanaWalletTests" */ = {
			isa = XCConfigurationList;
			buildConfigurations = (
				A1886C5B2907E671006825F0 /* Debug */,
				A1886C5C2907E671006825F0 /* Release */,
			);
			defaultConfigurationIsVisible = 0;
			defaultConfigurationName = Release;
		};
		A1886C5D2907E671006825F0 /* Build configuration list for PBXNativeTarget "SolanaWalletUITests" */ = {
			isa = XCConfigurationList;
			buildConfigurations = (
				A1886C5E2907E671006825F0 /* Debug */,
				A1886C5F2907E671006825F0 /* Release */,
			);
			defaultConfigurationIsVisible = 0;
			defaultConfigurationName = Release;
		};
/* End XCConfigurationList section */

/* Begin XCRemoteSwiftPackageReference section */
		A1886C6229084BCB006825F0 /* XCRemoteSwiftPackageReference "tweetnacl-swiftwrap" */ = {
			isa = XCRemoteSwiftPackageReference;
			repositoryURL = "https://github.com/bitmark-inc/tweetnacl-swiftwrap.git";
			requirement = {
				kind = upToNextMajorVersion;
				minimumVersion = 1.0.0;
			};
		};
/* End XCRemoteSwiftPackageReference section */

/* Begin XCSwiftPackageProductDependency section */
		A1886C6329084BCB006825F0 /* TweetNacl */ = {
			isa = XCSwiftPackageProductDependency;
			package = A1886C6229084BCB006825F0 /* XCRemoteSwiftPackageReference "tweetnacl-swiftwrap" */;
			productName = TweetNacl;
		};
/* End XCSwiftPackageProductDependency section */
	};
	rootObject = A1886C252907E66F006825F0 /* Project object */;
}
